
Microsoft Visual Studio Solution File, Format Version 12.00
# Visual Studio Version 16
VisualStudioVersion = 16.0.28803.156
MinimumVisualStudioVersion = 10.0.40219.1
Project("{9A19103F-16F7-4668-BE54-9A1E7A4F7556}") = "mc.core.domain", "mc.core.domain\mc.core.domain.csproj", "{971EF5B5-5245-40A8-AAA2-A1A08E1292FE}"
EndProject
Project("{9A19103F-16F7-4668-BE54-9A1E7A4F7556}") = "mc.core.domain.register", "mc.core.domain.register\mc.core.domain.register.csproj", "{FA507645-8CCF-46E4-9219-CDB6712A8989}"
EndProject
Project("{2150E333-8FDC-42A3-9474-1A3956D46DE8}") = "1 - Presentation", "1 - Presentation", "{1209F409-B7E7-431D-A0FD-CF968DBB0D52}"
EndProject
Project("{2150E333-8FDC-42A3-9474-1A3956D46DE8}") = "2 - Application", "2 - Application", "{1D91FD2E-C49E-47CD-A899-961B5CDDFC48}"
EndProject
Project("{2150E333-8FDC-42A3-9474-1A3956D46DE8}") = "3 - Services", "3 - Services", "{45B3D914-719A-4092-B008-23B7DEB17BEC}"
EndProject
Project("{2150E333-8FDC-42A3-9474-1A3956D46DE8}") = "4 - Domain", "4 - Domain", "{FE847BBF-F134-42A0-861C-84F3F0A7FA4E}"
EndProject
Project("{2150E333-8FDC-42A3-9474-1A3956D46DE8}") = "5 - Infra", "5 - Infra", "{53331196-6F0F-4701-B9E3-2C9F9BBE4490}"
EndProject
Project("{2150E333-8FDC-42A3-9474-1A3956D46DE8}") = "5.3 - Dapper Framework", "5.3 - Dapper Framework", "{DE5F93AD-15D0-451E-9AB2-D2CFC87FBD03}"
EndProject
Project("{2150E333-8FDC-42A3-9474-1A3956D46DE8}") = "5.3 - Unit Tests", "5.3 - Unit Tests", "{17297809-8EAF-4EEA-83A6-5FAF9567012A}"
EndProject
Project("{2150E333-8FDC-42A3-9474-1A3956D46DE8}") = "5.3.1 - Presentation", "5.3.1 - Presentation", "{9E321352-5263-45A3-AA28-C4932C4AFF7C}"
EndProject
Project("{2150E333-8FDC-42A3-9474-1A3956D46DE8}") = "5.3.2 - Application", "5.3.2 - Application", "{5A7E857A-5A06-4C21-82FB-11136404FE8E}"
EndProject
Project("{2150E333-8FDC-42A3-9474-1A3956D46DE8}") = "5.3.3 - Services", "5.3.3 - Services", "{0AA87EB0-7B40-4D3C-BC01-F7C50FE9AC76}"
EndProject
Project("{2150E333-8FDC-42A3-9474-1A3956D46DE8}") = "5.3.4 - Domain", "5.3.4 - Domain", "{20DD81CC-B585-40B9-AC14-8EFED21C0FBA}"
EndProject
Project("{2150E333-8FDC-42A3-9474-1A3956D46DE8}") = "5.3.5 - Infra", "5.3.5 - Infra", "{02175350-D14C-4501-BE14-3A52B911DCC8}"
EndProject
Project("{9A19103F-16F7-4668-BE54-9A1E7A4F7556}") = "mc.code.simulation", "mc.code.simulation\mc.code.simulation.csproj", "{35F46727-8D87-42C8-A07B-2C61521A6146}"
EndProject
Project("{9A19103F-16F7-4668-BE54-9A1E7A4F7556}") = "mc.core.data.test", "mc.core.data.test\mc.core.data.test.csproj", "{4CC2FBB3-3132-4507-96EB-2C18DCE8E13A}"
EndProject
Project("{9A19103F-16F7-4668-BE54-9A1E7A4F7556}") = "mc.core.exception", "mc.core.exception\mc.core.exception.csproj", "{4AEFEDCC-3140-499E-8EAC-5DA77872268E}"
EndProject
Project("{9A19103F-16F7-4668-BE54-9A1E7A4F7556}") = "mc.core.service", "mc.core.service\mc.core.service.csproj", "{950D4C70-BE64-4871-AD6C-147083979DF7}"
EndProject
Project("{9A19103F-16F7-4668-BE54-9A1E7A4F7556}") = "mc.core.service.test", "mc.core.service.test\mc.core.service.test.csproj", "{130728C5-C079-43D8-B94B-E244AA927F3A}"
EndProject
Project("{9A19103F-16F7-4668-BE54-9A1E7A4F7556}") = "mc.api.register", "mc.api.register\mc.api.register.csproj", "{678B7950-3C33-43E0-8919-6DF7419C504F}"
EndProject
Project("{9A19103F-16F7-4668-BE54-9A1E7A4F7556}") = "mc.cep.service", "mc.cep.service\mc.cep.service.csproj", "{4E23C8A9-0576-4D07-8089-EDBD27CD3CB3}"
EndProject
Project("{9A19103F-16F7-4668-BE54-9A1E7A4F7556}") = "mc.navigator.domain", "..\mc.bot\mc.navigator.domain\mc.navigator.domain.csproj", "{A79D8386-F0CF-457D-BD35-594B29AC65A4}"
EndProject
Project("{9A19103F-16F7-4668-BE54-9A1E7A4F7556}") = "mc.navigator", "..\mc.bot\mc.navigator\mc.navigator.csproj", "{6B9AE6EC-D0A5-4500-92AA-DB299EDA349A}"
EndProject
Project("{9A19103F-16F7-4668-BE54-9A1E7A4F7556}") = "mc.cep.service.test", "mc.cep.service.test\mc.cep.service.test.csproj", "{052278C1-E52C-492F-9F65-6D3AA9AF777B}"
EndProject
Project("{9A19103F-16F7-4668-BE54-9A1E7A4F7556}") = "mc.cep.check", "mc.cep.check\mc.cep.check.csproj", "{0DAC8B6E-A8D3-4ACF-9558-C2734209DC09}"
EndProject
Project("{9A19103F-16F7-4668-BE54-9A1E7A4F7556}") = "mc.crawler.cep", "mc.crawler.cep\mc.crawler.cep.csproj", "{546ED243-6CFF-4C30-BABB-897EC0C4D7CE}"
EndProject
Project("{2150E333-8FDC-42A3-9474-1A3956D46DE8}") = "5.1 - Repositories", "5.1 - Repositories", "{8F572FB7-C707-4243-A31E-AFB87CACB73F}"
EndProject
Project("{9A19103F-16F7-4668-BE54-9A1E7A4F7556}") = "mc.core.repository", "mc.core.repository\mc.core.repository.csproj", "{5FE20D62-0303-4DA3-AF58-9E9545F162F4}"
EndProject
Project("{2150E333-8FDC-42A3-9474-1A3956D46DE8}") = "5.1.1 - Register", "5.1.1 - Register", "{BB97BF82-FFFE-425B-B755-8E6C13CFC816}"
EndProject
Project("{9A19103F-16F7-4668-BE54-9A1E7A4F7556}") = "mc.repository.person", "mc.repository.person\mc.repository.person.csproj", "{1A0CA67F-576F-433B-99CC-1B69F6E91B07}"
EndProject
Project("{2150E333-8FDC-42A3-9474-1A3956D46DE8}") = "5.1.2 - Providers", "5.1.2 - Providers", "{A5DD84F2-ECB0-4B67-AD96-6572895A5F4F}"
EndProject
Project("{9A19103F-16F7-4668-BE54-9A1E7A4F7556}") = "mc.provider.sqlserver", "mc.provider.sqlserver\mc.provider.sqlserver.csproj", "{53DE09DC-69F1-48FE-B88B-F0A861B52B24}"
EndProject
Project("{9A19103F-16F7-4668-BE54-9A1E7A4F7556}") = "mc.provider.mongo", "mc.provider.mongo\mc.provider.mongo.csproj", "{37147DCF-9850-4CAD-940A-4E6087DE1605}"
EndProject
Project("{9A19103F-16F7-4668-BE54-9A1E7A4F7556}") = "mc.provider.mysql", "mc.provider.mysql\mc.provider.mysql.csproj", "{7EF9591B-8341-4175-B919-F0E4BCDA880A}"
EndProject
Global
	GlobalSection(SolutionConfigurationPlatforms) = preSolution
		Debug|Any CPU = Debug|Any CPU
		Release|Any CPU = Release|Any CPU
	EndGlobalSection
	GlobalSection(ProjectConfigurationPlatforms) = postSolution
		{971EF5B5-5245-40A8-AAA2-A1A08E1292FE}.Debug|Any CPU.ActiveCfg = Debug|Any CPU
		{971EF5B5-5245-40A8-AAA2-A1A08E1292FE}.Debug|Any CPU.Build.0 = Debug|Any CPU
		{971EF5B5-5245-40A8-AAA2-A1A08E1292FE}.Release|Any CPU.ActiveCfg = Release|Any CPU
		{971EF5B5-5245-40A8-AAA2-A1A08E1292FE}.Release|Any CPU.Build.0 = Release|Any CPU
		{FA507645-8CCF-46E4-9219-CDB6712A8989}.Debug|Any CPU.ActiveCfg = Debug|Any CPU
		{FA507645-8CCF-46E4-9219-CDB6712A8989}.Debug|Any CPU.Build.0 = Debug|Any CPU
		{FA507645-8CCF-46E4-9219-CDB6712A8989}.Release|Any CPU.ActiveCfg = Release|Any CPU
		{FA507645-8CCF-46E4-9219-CDB6712A8989}.Release|Any CPU.Build.0 = Release|Any CPU
		{35F46727-8D87-42C8-A07B-2C61521A6146}.Debug|Any CPU.ActiveCfg = Debug|Any CPU
		{35F46727-8D87-42C8-A07B-2C61521A6146}.Debug|Any CPU.Build.0 = Debug|Any CPU
		{35F46727-8D87-42C8-A07B-2C61521A6146}.Release|Any CPU.ActiveCfg = Release|Any CPU
		{35F46727-8D87-42C8-A07B-2C61521A6146}.Release|Any CPU.Build.0 = Release|Any CPU
		{4CC2FBB3-3132-4507-96EB-2C18DCE8E13A}.Debug|Any CPU.ActiveCfg = Debug|Any CPU
		{4CC2FBB3-3132-4507-96EB-2C18DCE8E13A}.Debug|Any CPU.Build.0 = Debug|Any CPU
		{4CC2FBB3-3132-4507-96EB-2C18DCE8E13A}.Release|Any CPU.ActiveCfg = Release|Any CPU
		{4CC2FBB3-3132-4507-96EB-2C18DCE8E13A}.Release|Any CPU.Build.0 = Release|Any CPU
		{4AEFEDCC-3140-499E-8EAC-5DA77872268E}.Debug|Any CPU.ActiveCfg = Debug|Any CPU
		{4AEFEDCC-3140-499E-8EAC-5DA77872268E}.Debug|Any CPU.Build.0 = Debug|Any CPU
		{4AEFEDCC-3140-499E-8EAC-5DA77872268E}.Release|Any CPU.ActiveCfg = Release|Any CPU
		{4AEFEDCC-3140-499E-8EAC-5DA77872268E}.Release|Any CPU.Build.0 = Release|Any CPU
		{950D4C70-BE64-4871-AD6C-147083979DF7}.Debug|Any CPU.ActiveCfg = Debug|Any CPU
		{950D4C70-BE64-4871-AD6C-147083979DF7}.Debug|Any CPU.Build.0 = Debug|Any CPU
		{950D4C70-BE64-4871-AD6C-147083979DF7}.Release|Any CPU.ActiveCfg = Release|Any CPU
		{950D4C70-BE64-4871-AD6C-147083979DF7}.Release|Any CPU.Build.0 = Release|Any CPU
		{130728C5-C079-43D8-B94B-E244AA927F3A}.Debug|Any CPU.ActiveCfg = Debug|Any CPU
		{130728C5-C079-43D8-B94B-E244AA927F3A}.Debug|Any CPU.Build.0 = Debug|Any CPU
		{130728C5-C079-43D8-B94B-E244AA927F3A}.Release|Any CPU.ActiveCfg = Release|Any CPU
		{130728C5-C079-43D8-B94B-E244AA927F3A}.Release|Any CPU.Build.0 = Release|Any CPU
		{678B7950-3C33-43E0-8919-6DF7419C504F}.Debug|Any CPU.ActiveCfg = Debug|Any CPU
		{678B7950-3C33-43E0-8919-6DF7419C504F}.Debug|Any CPU.Build.0 = Debug|Any CPU
		{678B7950-3C33-43E0-8919-6DF7419C504F}.Release|Any CPU.ActiveCfg = Release|Any CPU
		{678B7950-3C33-43E0-8919-6DF7419C504F}.Release|Any CPU.Build.0 = Release|Any CPU
		{4E23C8A9-0576-4D07-8089-EDBD27CD3CB3}.Debug|Any CPU.ActiveCfg = Debug|Any CPU
		{4E23C8A9-0576-4D07-8089-EDBD27CD3CB3}.Debug|Any CPU.Build.0 = Debug|Any CPU
		{4E23C8A9-0576-4D07-8089-EDBD27CD3CB3}.Release|Any CPU.ActiveCfg = Release|Any CPU
		{4E23C8A9-0576-4D07-8089-EDBD27CD3CB3}.Release|Any CPU.Build.0 = Release|Any CPU
		{A79D8386-F0CF-457D-BD35-594B29AC65A4}.Debug|Any CPU.ActiveCfg = Debug|Any CPU
		{A79D8386-F0CF-457D-BD35-594B29AC65A4}.Debug|Any CPU.Build.0 = Debug|Any CPU
		{A79D8386-F0CF-457D-BD35-594B29AC65A4}.Release|Any CPU.ActiveCfg = Release|Any CPU
		{A79D8386-F0CF-457D-BD35-594B29AC65A4}.Release|Any CPU.Build.0 = Release|Any CPU
		{6B9AE6EC-D0A5-4500-92AA-DB299EDA349A}.Debug|Any CPU.ActiveCfg = Debug|Any CPU
		{6B9AE6EC-D0A5-4500-92AA-DB299EDA349A}.Debug|Any CPU.Build.0 = Debug|Any CPU
		{6B9AE6EC-D0A5-4500-92AA-DB299EDA349A}.Release|Any CPU.ActiveCfg = Release|Any CPU
		{6B9AE6EC-D0A5-4500-92AA-DB299EDA349A}.Release|Any CPU.Build.0 = Release|Any CPU
		{052278C1-E52C-492F-9F65-6D3AA9AF777B}.Debug|Any CPU.ActiveCfg = Debug|Any CPU
		{052278C1-E52C-492F-9F65-6D3AA9AF777B}.Debug|Any CPU.Build.0 = Debug|Any CPU
		{052278C1-E52C-492F-9F65-6D3AA9AF777B}.Release|Any CPU.ActiveCfg = Release|Any CPU
		{052278C1-E52C-492F-9F65-6D3AA9AF777B}.Release|Any CPU.Build.0 = Release|Any CPU
		{0DAC8B6E-A8D3-4ACF-9558-C2734209DC09}.Debug|Any CPU.ActiveCfg = Debug|Any CPU
		{0DAC8B6E-A8D3-4ACF-9558-C2734209DC09}.Debug|Any CPU.Build.0 = Debug|Any CPU
		{0DAC8B6E-A8D3-4ACF-9558-C2734209DC09}.Release|Any CPU.ActiveCfg = Release|Any CPU
		{0DAC8B6E-A8D3-4ACF-9558-C2734209DC09}.Release|Any CPU.Build.0 = Release|Any CPU
		{546ED243-6CFF-4C30-BABB-897EC0C4D7CE}.Debug|Any CPU.ActiveCfg = Debug|Any CPU
		{546ED243-6CFF-4C30-BABB-897EC0C4D7CE}.Debug|Any CPU.Build.0 = Debug|Any CPU
		{546ED243-6CFF-4C30-BABB-897EC0C4D7CE}.Release|Any CPU.ActiveCfg = Release|Any CPU
		{546ED243-6CFF-4C30-BABB-897EC0C4D7CE}.Release|Any CPU.Build.0 = Release|Any CPU
		{5FE20D62-0303-4DA3-AF58-9E9545F162F4}.Debug|Any CPU.ActiveCfg = Debug|Any CPU
		{5FE20D62-0303-4DA3-AF58-9E9545F162F4}.Debug|Any CPU.Build.0 = Debug|Any CPU
		{5FE20D62-0303-4DA3-AF58-9E9545F162F4}.Release|Any CPU.ActiveCfg = Release|Any CPU
		{5FE20D62-0303-4DA3-AF58-9E9545F162F4}.Release|Any CPU.Build.0 = Release|Any CPU
		{1A0CA67F-576F-433B-99CC-1B69F6E91B07}.Debug|Any CPU.ActiveCfg = Debug|Any CPU
		{1A0CA67F-576F-433B-99CC-1B69F6E91B07}.Debug|Any CPU.Build.0 = Debug|Any CPU
		{1A0CA67F-576F-433B-99CC-1B69F6E91B07}.Release|Any CPU.ActiveCfg = Release|Any CPU
		{1A0CA67F-576F-433B-99CC-1B69F6E91B07}.Release|Any CPU.Build.0 = Release|Any CPU
		{53DE09DC-69F1-48FE-B88B-F0A861B52B24}.Debug|Any CPU.ActiveCfg = Debug|Any CPU
		{53DE09DC-69F1-48FE-B88B-F0A861B52B24}.Debug|Any CPU.Build.0 = Debug|Any CPU
		{53DE09DC-69F1-48FE-B88B-F0A861B52B24}.Release|Any CPU.ActiveCfg = Release|Any CPU
		{53DE09DC-69F1-48FE-B88B-F0A861B52B24}.Release|Any CPU.Build.0 = Release|Any CPU
		{37147DCF-9850-4CAD-940A-4E6087DE1605}.Debug|Any CPU.ActiveCfg = Debug|Any CPU
		{37147DCF-9850-4CAD-940A-4E6087DE1605}.Debug|Any CPU.Build.0 = Debug|Any CPU
		{37147DCF-9850-4CAD-940A-4E6087DE1605}.Release|Any CPU.ActiveCfg = Release|Any CPU
		{37147DCF-9850-4CAD-940A-4E6087DE1605}.Release|Any CPU.Build.0 = Release|Any CPU
		{7EF9591B-8341-4175-B919-F0E4BCDA880A}.Debug|Any CPU.ActiveCfg = Debug|Any CPU
		{7EF9591B-8341-4175-B919-F0E4BCDA880A}.Debug|Any CPU.Build.0 = Debug|Any CPU
		{7EF9591B-8341-4175-B919-F0E4BCDA880A}.Release|Any CPU.ActiveCfg = Release|Any CPU
		{7EF9591B-8341-4175-B919-F0E4BCDA880A}.Release|Any CPU.Build.0 = Release|Any CPU
	EndGlobalSection
	GlobalSection(SolutionProperties) = preSolution
		HideSolutionNode = FALSE
	EndGlobalSection
	GlobalSection(NestedProjects) = preSolution
		{971EF5B5-5245-40A8-AAA2-A1A08E1292FE} = {FE847BBF-F134-42A0-861C-84F3F0A7FA4E}
		{FA507645-8CCF-46E4-9219-CDB6712A8989} = {FE847BBF-F134-42A0-861C-84F3F0A7FA4E}
		{DE5F93AD-15D0-451E-9AB2-D2CFC87FBD03} = {53331196-6F0F-4701-B9E3-2C9F9BBE4490}
		{17297809-8EAF-4EEA-83A6-5FAF9567012A} = {53331196-6F0F-4701-B9E3-2C9F9BBE4490}
		{9E321352-5263-45A3-AA28-C4932C4AFF7C} = {17297809-8EAF-4EEA-83A6-5FAF9567012A}
		{5A7E857A-5A06-4C21-82FB-11136404FE8E} = {17297809-8EAF-4EEA-83A6-5FAF9567012A}
		{0AA87EB0-7B40-4D3C-BC01-F7C50FE9AC76} = {17297809-8EAF-4EEA-83A6-5FAF9567012A}
		{20DD81CC-B585-40B9-AC14-8EFED21C0FBA} = {5A7E857A-5A06-4C21-82FB-11136404FE8E}
		{02175350-D14C-4501-BE14-3A52B911DCC8} = {17297809-8EAF-4EEA-83A6-5FAF9567012A}
		{35F46727-8D87-42C8-A07B-2C61521A6146} = {53331196-6F0F-4701-B9E3-2C9F9BBE4490}
		{4CC2FBB3-3132-4507-96EB-2C18DCE8E13A} = {02175350-D14C-4501-BE14-3A52B911DCC8}
		{4AEFEDCC-3140-499E-8EAC-5DA77872268E} = {FE847BBF-F134-42A0-861C-84F3F0A7FA4E}
		{950D4C70-BE64-4871-AD6C-147083979DF7} = {45B3D914-719A-4092-B008-23B7DEB17BEC}
		{130728C5-C079-43D8-B94B-E244AA927F3A} = {0AA87EB0-7B40-4D3C-BC01-F7C50FE9AC76}
		{678B7950-3C33-43E0-8919-6DF7419C504F} = {1D91FD2E-C49E-47CD-A899-961B5CDDFC48}
		{4E23C8A9-0576-4D07-8089-EDBD27CD3CB3} = {45B3D914-719A-4092-B008-23B7DEB17BEC}
		{A79D8386-F0CF-457D-BD35-594B29AC65A4} = {FE847BBF-F134-42A0-861C-84F3F0A7FA4E}
		{6B9AE6EC-D0A5-4500-92AA-DB299EDA349A} = {45B3D914-719A-4092-B008-23B7DEB17BEC}
		{052278C1-E52C-492F-9F65-6D3AA9AF777B} = {0AA87EB0-7B40-4D3C-BC01-F7C50FE9AC76}
		{0DAC8B6E-A8D3-4ACF-9558-C2734209DC09} = {1D91FD2E-C49E-47CD-A899-961B5CDDFC48}
		{546ED243-6CFF-4C30-BABB-897EC0C4D7CE} = {1209F409-B7E7-431D-A0FD-CF968DBB0D52}
		{8F572FB7-C707-4243-A31E-AFB87CACB73F} = {53331196-6F0F-4701-B9E3-2C9F9BBE4490}
		{5FE20D62-0303-4DA3-AF58-9E9545F162F4} = {8F572FB7-C707-4243-A31E-AFB87CACB73F}
		{BB97BF82-FFFE-425B-B755-8E6C13CFC816} = {8F572FB7-C707-4243-A31E-AFB87CACB73F}
		{1A0CA67F-576F-433B-99CC-1B69F6E91B07} = {BB97BF82-FFFE-425B-B755-8E6C13CFC816}
		{A5DD84F2-ECB0-4B67-AD96-6572895A5F4F} = {8F572FB7-C707-4243-A31E-AFB87CACB73F}
		{53DE09DC-69F1-48FE-B88B-F0A861B52B24} = {A5DD84F2-ECB0-4B67-AD96-6572895A5F4F}
		{37147DCF-9850-4CAD-940A-4E6087DE1605} = {A5DD84F2-ECB0-4B67-AD96-6572895A5F4F}
		{7EF9591B-8341-4175-B919-F0E4BCDA880A} = {A5DD84F2-ECB0-4B67-AD96-6572895A5F4F}
	EndGlobalSection
	GlobalSection(ExtensibilityGlobals) = postSolution
		SolutionGuid = {7F0F915B-9348-45B7-8475-809E0A908994}
	EndGlobalSection
EndGlobal
